github.com/iki-rumondor/say_hello v0.0.0-20230822193819-aa673b09a980 h1:J+HiRmhk7SoIIJjl7n6f/4xD6foHLo0f9RaeiMuOvhY=
github.com/iki-rumondor/say_hello v0.0.0-20230822193819-aa673b09a980/go.mod h1:uzwRypmpCIK6wNJGBWhBeXVFdVevmzoeAYuuA5zxZiY=
github.com/iki-rumondor/say_hello v1.0.0 h1:qTN+RRWJe6xnm7MouL0rW+xSfzVw1gFIdWJv9vhW9Ps=
github.com/iki-rumondor/say_hello v1.0.0/go.mod h1:uzwRypmpCIK6wNJGBWhBeXVFdVevmzoeAYuuA5zxZiY=
